// !$*UTF8*$!
{
	archiveVersion = 1;
	classes = {
	};
	objectVersion = 46;
	objects = {

/* Begin PBXBuildFile section */
		231141201EAE753700381F34 /* AddItemViewController.swift in Sources */ = {isa = PBXBuildFile; fileRef = 2311411F1EAE753700381F34 /* AddItemViewController.swift */; };
		232D1AD11EACDAB400795552 /* AppDelegate.swift in Sources */ = {isa = PBXBuildFile; fileRef = 232D1AD01EACDAB400795552 /* AppDelegate.swift */; };
		232D1AD61EACDAB400795552 /* Main.storyboard in Resources */ = {isa = PBXBuildFile; fileRef = 232D1AD41EACDAB400795552 /* Main.storyboard */; };
		232D1AD91EACDAB400795552 /* Journalism.xcdatamodeld in Sources */ = {isa = PBXBuildFile; fileRef = 232D1AD71EACDAB400795552 /* Journalism.xcdatamodeld */; };
		232D1ADB1EACDAB400795552 /* Assets.xcassets in Resources */ = {isa = PBXBuildFile; fileRef = 232D1ADA1EACDAB400795552 /* Assets.xcassets */; };
		232D1ADE1EACDAB400795552 /* LaunchScreen.storyboard in Resources */ = {isa = PBXBuildFile; fileRef = 232D1ADC1EACDAB400795552 /* LaunchScreen.storyboard */; };
		23BC50471EAED41A001E8009 /* DisplayTableViewController.swift in Sources */ = {isa = PBXBuildFile; fileRef = 23BC50461EAED41A001E8009 /* DisplayTableViewController.swift */; };
/* End PBXBuildFile section */

/* Begin PBXFileReference section */
		2311411F1EAE753700381F34 /* AddItemViewController.swift */ = {isa = PBXFileReference; fileEncoding = 4; lastKnownFileType = sourcecode.swift; path = AddItemViewController.swift; sourceTree = "<group>"; };
		232D1ACD1EACDAB400795552 /* Journalism.app */ = {isa = PBXFileReference; explicitFileType = wrapper.application; includeInIndex = 0; path = Journalism.app; sourceTree = BUILT_PRODUCTS_DIR; };
		232D1AD01EACDAB400795552 /* AppDelegate.swift */ = {isa = PBXFileReference; lastKnownFileType = sourcecode.swift; path = AppDelegate.swift; sourceTree = "<group>"; };
		232D1AD51EACDAB400795552 /* Base */ = {isa = PBXFileReference; lastKnownFileType = file.storyboard; name = Base; path = Base.lproj/Main.storyboard; sourceTree = "<group>"; };
		232D1AD81EACDAB400795552 /* Journalism.xcdatamodel */ = {isa = PBXFileReference; lastKnownFileType = wrapper.xcdatamodel; path = Journalism.xcdatamodel; sourceTree = "<group>"; };
		232D1ADA1EACDAB400795552 /* Assets.xcassets */ = {isa = PBXFileReference; lastKnownFileType = folder.assetcatalog; path = Assets.xcassets; sourceTree = "<group>"; };
		232D1ADD1EACDAB400795552 /* Base */ = {isa = PBXFileReference; lastKnownFileType = file.storyboard; name = Base; path = Base.lproj/LaunchScreen.storyboard; sourceTree = "<group>"; };
		232D1ADF1EACDAB400795552 /* Info.plist */ = {isa = PBXFileReference; lastKnownFileType = text.plist.xml; path = Info.plist; sourceTree = "<group>"; };
		23BC50461EAED41A001E8009 /* DisplayTableViewController.swift */ = {isa = PBXFileReference; fileEncoding = 4; lastKnownFileType = sourcecode.swift; path = DisplayTableViewController.swift; sourceTree = "<group>"; };
/* End PBXFileReference section */

/* Begin PBXFrameworksBuildPhase section */
		232D1ACA1EACDAB400795552 /* Frameworks */ = {
			isa = PBXFrameworksBuildPhase;
			buildActionMask = 2147483647;
			files = (
			);
			runOnlyForDeploymentPostprocessing = 0;
		};
/* End PBXFrameworksBuildPhase section */

/* Begin PBXGroup section */
		232D1AC41EACDAB400795552 = {
			isa = PBXGroup;
			children = (
				232D1ACF1EACDAB400795552 /* Journalism */,
				232D1ACE1EACDAB400795552 /* Products */,
			);
			sourceTree = "<group>";
		};
		232D1ACE1EACDAB400795552 /* Products */ = {
			isa = PBXGroup;
			children = (
				232D1ACD1EACDAB400795552 /* Journalism.app */,
			);
			name = Products;
			sourceTree = "<group>";
		};
		232D1ACF1EACDAB400795552 /* Journalism */ = {
			isa = PBXGroup;
			children = (
				232D1AE91EACDB4900795552 /* Models */,
				232D1AEA1EACDB5200795552 /* Views */,
				232D1AE51EACDAC200795552 /* Controllers */,
				232D1AE71EACDAF600795552 /* App */,
				232D1AE61EACDAEA00795552 /* UI */,
				232D1AE81EACDB0B00795552 /* Support files */,
			);
			path = Journalism;
			sourceTree = "<group>";
		};
		232D1AE51EACDAC200795552 /* Controllers */ = {
			isa = PBXGroup;
			children = (
				2311411F1EAE753700381F34 /* AddItemViewController.swift */,
				23BC50461EAED41A001E8009 /* DisplayTableViewController.swift */,
			);
			name = Controllers;
			sourceTree = "<group>";
		};
		232D1AE61EACDAEA00795552 /* UI */ = {
			isa = PBXGroup;
			children = (
				232D1AD41EACDAB400795552 /* Main.storyboard */,
				232D1ADC1EACDAB400795552 /* LaunchScreen.storyboard */,
			);
			name = UI;
			sourceTree = "<group>";
		};
		232D1AE71EACDAF600795552 /* App */ = {
			isa = PBXGroup;
			children = (
				232D1AD01EACDAB400795552 /* AppDelegate.swift */,
			);
			name = App;
			sourceTree = "<group>";
		};
		232D1AE81EACDB0B00795552 /* Support files */ = {
			isa = PBXGroup;
			children = (
				232D1ADF1EACDAB400795552 /* Info.plist */,
				232D1ADA1EACDAB400795552 /* Assets.xcassets */,
				232D1AD71EACDAB400795552 /* Journalism.xcdatamodeld */,
			);
			name = "Support files";
			sourceTree = "<group>";
		};
		232D1AE91EACDB4900795552 /* Models */ = {
			isa = PBXGroup;
			children = (
			);
			name = Models;
			sourceTree = "<group>";
		};
		232D1AEA1EACDB5200795552 /* Views */ = {
			isa = PBXGroup;
			children = (
			);
			name = Views;
			sourceTree = "<group>";
		};
/* End PBXGroup section */

/* Begin PBXNativeTarget section */
		232D1ACC1EACDAB400795552 /* Journalism */ = {
			isa = PBXNativeTarget;
			buildConfigurationList = 232D1AE21EACDAB400795552 /* Build configuration list for PBXNativeTarget "Journalism" */;
			buildPhases = (
				232D1AC91EACDAB400795552 /* Sources */,
				232D1ACA1EACDAB400795552 /* Frameworks */,
				232D1ACB1EACDAB400795552 /* Resources */,
			);
			buildRules = (
			);
			dependencies = (
			);
			name = Journalism;
			productName = Journalism;
			productReference = 232D1ACD1EACDAB400795552 /* Journalism.app */;
			productType = "com.apple.product-type.application";
		};
/* End PBXNativeTarget section */

/* Begin PBXProject section */
		232D1AC51EACDAB400795552 /* Project object */ = {
			isa = PBXProject;
			attributes = {
				LastSwiftUpdateCheck = 0830;
				LastUpgradeCheck = 0830;
				ORGANIZATIONNAME = Latitude23;
				TargetAttributes = {
					232D1ACC1EACDAB400795552 = {
						CreatedOnToolsVersion = 8.3.2;
						DevelopmentTeam = 9494MA7F48;
						ProvisioningStyle = Automatic;
					};
				};
			};
			buildConfigurationList = 232D1AC81EACDAB400795552 /* Build configuration list for PBXProject "Journalism" */;
			compatibilityVersion = "Xcode 3.2";
			developmentRegion = English;
			hasScannedForEncodings = 0;
			knownRegions = (
				en,
				Base,
			);
			mainGroup = 232D1AC41EACDAB400795552;
			productRefGroup = 232D1ACE1EACDAB400795552 /* Products */;
			projectDirPath = "";
			projectRoot = "";
			targets = (
				232D1ACC1EACDAB400795552 /* Journalism */,
			);
		};
/* End PBXProject section */

/* Begin PBXResourcesBuildPhase section */
		232D1ACB1EACDAB400795552 /* Resources */ = {
			isa = PBXResourcesBuildPhase;
			buildActionMask = 2147483647;
			files = (
				232D1ADE1EACDAB400795552 /* LaunchScreen.storyboard in Resources */,
				232D1ADB1EACDAB400795552 /* Assets.xcassets in Resources */,
				232D1AD61EACDAB400795552 /* Main.storyboard in Resources */,
			);
			runOnlyForDeploymentPostprocessing = 0;
		};
/* End PBXResourcesBuildPhase section */

/* Begin PBXSourcesBuildPhase section */
		232D1AC91EACDAB400795552 /* Sources */ = {
			isa = PBXSourcesBuildPhase;
			buildActionMask = 2147483647;
			files = (
				23BC50471EAED41A001E8009 /* DisplayTableViewController.swift in Sources */,
				232D1AD11EACDAB400795552 /* AppDelegate.swift in Sources */,
				231141201EAE753700381F34 /* AddItemViewController.swift in Sources */,
				232D1AD91EACDAB400795552 /* Journalism.xcdatamodeld in Sources */,
			);
			runOnlyForDeploymentPostprocessing = 0;
		};
/* End PBXSourcesBuildPhase section */

/* Begin PBXVariantGroup section */
		232D1AD41EACDAB400795552 /* Main.storyboard */ = {
			isa = PBXVariantGroup;
			children = (
				232D1AD51EACDAB400795552 /* Base */,
			);
			name = Main.storyboard;
			sourceTree = "<group>";
		};
		232D1ADC1EACDAB400795552 /* LaunchScreen.storyboard */ = {
			isa = PBXVariantGroup;
			children = (
				232D1ADD1EACDAB400795552 /* Base */,
			);
			name = LaunchScreen.storyboard;
			sourceTree = "<group>";
		};
/* End PBXVariantGroup section */

/* Begin XCBuildConfiguration section */
		232D1AE01EACDAB400795552 /* Debug */ = {
			isa = XCBuildConfiguration;
			buildSettings = {
				ALWAYS_SEARCH_USER_PATHS = NO;
				CLANG_ANALYZER_NONNULL = YES;
				CLANG_ANALYZER_NUMBER_OBJECT_CONVERSION = YES_AGGRESSIVE;
				CLANG_CXX_LANGUAGE_STANDARD = "gnu++0x";
				CLANG_CXX_LIBRARY = "libc++";
				CLANG_ENABLE_MODULES = YES;
				CLANG_ENABLE_OBJC_ARC = YES;
				CLANG_WARN_BOOL_CONVERSION = YES;
				CLANG_WARN_CONSTANT_CONVERSION = YES;
				CLANG_WARN_DIRECT_OBJC_ISA_USAGE = YES_ERROR;
				CLANG_WARN_DOCUMENTATION_COMMENTS = YES;
				CLANG_WARN_EMPTY_BODY = YES;
				CLANG_WARN_ENUM_CONVERSION = YES;
				CLANG_WARN_INFINITE_RECURSION = YES;
				CLANG_WARN_INT_CONVERSION = YES;
				CLANG_WARN_OBJC_ROOT_CLASS = YES_ERROR;
				CLANG_WARN_SUSPICIOUS_MOVE = YES;
				CLANG_WARN_UNREACHABLE_CODE = YES;
				CLANG_WARN__DUPLICATE_METHOD_MATCH = YES;
				"CODE_SIGN_IDENTITY[sdk=iphoneos*]" = "iPhone Developer";
				COPY_PHASE_STRIP = NO;
				DEBUG_INFORMATION_FORMAT = dwarf;
				ENABLE_STRICT_OBJC_MSGSEND = YES;
				ENABLE_TESTABILITY = YES;
				GCC_C_LANGUAGE_STANDARD = gnu99;
				GCC_DYNAMIC_NO_PIC = NO;
				GCC_NO_COMMON_BLOCKS = YES;
				GCC_OPTIMIZATION_LEVEL = 0;
				GCC_PREPROCESSOR_DEFINITIONS = (
					"DEBUG=1",
					"$(inherited)",
				);
				GCC_WARN_64_TO_32_BIT_CONVERSION = YES;
				GCC_WARN_ABOUT_RETURN_TYPE = YES_ERROR;
				GCC_WARN_UNDECLARED_SELECTOR = YES;
				GCC_WARN_UNINITIALIZED_AUTOS = YES_AGGRESSIVE;
				GCC_WARN_UNUSED_FUNCTION = YES;
				GCC_WARN_UNUSED_VARIABLE = YES;
				IPHONEOS_DEPLOYMENT_TARGET = 10.3;
				MTL_ENABLE_DEBUG_INFO = YES;
				ONLY_ACTIVE_ARCH = YES;
				SDKROOT = iphoneos;
				SWIFT_ACTIVE_COMPILATION_CONDITIONS = DEBUG;
				SWIFT_OPTIMIZATION_LEVEL = "-Onone";
			};
			name = Debug;
		};
		232D1AE11EACDAB400795552 /* Release */ = {
			isa = XCBuildConfiguration;
			buildSettings = {
				ALWAYS_SEARCH_USER_PATHS = NO;
				CLANG_ANALYZER_NONNULL = YES;
				CLANG_ANALYZER_NUMBER_OBJECT_CONVERSION = YES_AGGRESSIVE;
				CLANG_CXX_LANGUAGE_STANDARD = "gnu++0x";
				CLANG_CXX_LIBRARY = "libc++";
				CLANG_ENABLE_MODULES = YES;
				CLANG_ENABLE_OBJC_ARC = YES;
				CLANG_WARN_BOOL_CONVERSION = YES;
				CLANG_WARN_CONSTANT_CONVERSION = YES;
				CLANG_WARN_DIRECT_OBJC_ISA_USAGE = YES_ERROR;
				CLANG_WARN_DOCUMENTATION_COMMENTS = YES;
				CLANG_WARN_EMPTY_BODY = YES;
				CLANG_WARN_ENUM_CONVERSION = YES;
				CLANG_WARN_INFINITE_RECURSION = YES;
				CLANG_WARN_INT_CONVERSION = YES;
				CLANG_WARN_OBJC_ROOT_CLASS = YES_ERROR;
				CLANG_WARN_SUSPICIOUS_MOVE = YES;
				CLANG_WARN_UNREACHABLE_CODE = YES;
				CLANG_WARN__DUPLICATE_METHOD_MATCH = YES;
				"CODE_SIGN_IDENTITY[sdk=iphoneos*]" = "iPhone Developer";
				COPY_PHASE_STRIP = NO;
				DEBUG_INFORMATION_FORMAT = "dwarf-with-dsym";
				ENABLE_NS_ASSERTIONS = NO;
				ENABLE_STRICT_OBJC_MSGSEND = YES;
				GCC_C_LANGUAGE_STANDARD = gnu99;
				GCC_NO_COMMON_BLOCKS = YES;
				GCC_WARN_64_TO_32_BIT_CONVERSION = YES;
				GCC_WARN_ABOUT_RETURN_TYPE = YES_ERROR;
				GCC_WARN_UNDECLARED_SELECTOR = YES;
				GCC_WARN_UNINITIALIZED_AUTOS = YES_AGGRESSIVE;
				GCC_WARN_UNUSED_FUNCTION = YES;
				GCC_WARN_UNUSED_VARIABLE = YES;
				IPHONEOS_DEPLOYMENT_TARGET = 10.3;
				MTL_ENABLE_DEBUG_INFO = NO;
				SDKROOT = iphoneos;
				SWIFT_OPTIMIZATION_LEVEL = "-Owholemodule";
				VALIDATE_PRODUCT = YES;
			};
			name = Release;
		};
		232D1AE31EACDAB400795552 /* Debug */ = {
			isa = XCBuildConfiguration;
			buildSettings = {
				ASSETCATALOG_COMPILER_APPICON_NAME = AppIcon;
				DEVELOPMENT_TEAM = 9494MA7F48;
				INFOPLIST_FILE = Journalism/Info.plist;
				LD_RUNPATH_SEARCH_PATHS = "$(inherited) @executable_path/Frameworks";
				PRODUCT_BUNDLE_IDENTIFIER = com.latitude23.Journalism;
				PRODUCT_NAME = "$(TARGET_NAME)";
				SWIFT_VERSION = 3.0;
			};
			name = Debug;
		};
		232D1AE41EACDAB400795552 /* Release */ = {
			isa = XCBuildConfiguration;
			buildSettings = {
				ASSETCATALOG_COMPILER_APPICON_NAME = AppIcon;
				DEVELOPMENT_TEAM = 9494MA7F48;
				INFOPLIST_FILE = Journalism/Info.plist;
				LD_RUNPATH_SEARCH_PATHS = "$(inherited) @executable_path/Frameworks";
				PRODUCT_BUNDLE_IDENTIFIER = com.latitude23.Journalism;
				PRODUCT_NAME = "$(TARGET_NAME)";
				SWIFT_VERSION = 3.0;
			};
			name = Release;
		};
/* End XCBuildConfiguration section */

/* Begin XCConfigurationList section */
		232D1AC81EACDAB400795552 /* Build configuration list for PBXProject "Journalism" */ = {
			isa = XCConfigurationList;
			buildConfigurations = (
				232D1AE01EACDAB400795552 /* Debug */,
				232D1AE11EACDAB400795552 /* Release */,
			);
			defaultConfigurationIsVisible = 0;
			defaultConfigurationName = Release;
		};
		232D1AE21EACDAB400795552 /* Build configuration list for PBXNativeTarget "Journalism" */ = {
			isa = XCConfigurationList;
			buildConfigurations = (
				232D1AE31EACDAB400795552 /* Debug */,
				232D1AE41EACDAB400795552 /* Release */,
			);
			defaultConfigurationIsVisible = 0;
			defaultConfigurationName = Release;
		};
/* End XCConfigurationList section */

/* Begin XCVersionGroup section */
		232D1AD71EACDAB400795552 /* Journalism.xcdatamodeld */ = {
			isa = XCVersionGroup;
			children = (
				232D1AD81EACDAB400795552 /* Journalism.xcdatamodel */,
			);
			currentVersion = 232D1AD81EACDAB400795552 /* Journalism.xcdatamodel */;
			path = Journalism.xcdatamodeld;
			sourceTree = "<group>";
			versionGroupType = wrapper.xcdatamodel;
		};
/* End XCVersionGroup section */
	};
	rootObject = 232D1AC51EACDAB400795552 /* Project object */;
}
